Microsoft Visual Studio Solution File, Format Version 12.00
# Visual Studio 14
Project("{8BC9CEB8-8B4A-11D0-8D11-00A0C91BC942}") = "ALL_BUILD", "ALL_BUILD.vcxproj", "{6533B6BE-E1F9-352A-8291-E934DFB2A737}"
	ProjectSection(ProjectDependencies) = postProject
		{1B9A5262-853E-32A1-987A-74552333D6DC} = {1B9A5262-853E-32A1-987A-74552333D6DC}
		{638F6E13-F8AE-3DE1-837D-E98E476A4860} = {638F6E13-F8AE-3DE1-837D-E98E476A4860}
		{698D589C-323B-3862-AE3D-6723A16915C5} = {698D589C-323B-3862-AE3D-6723A16915C5}
		{9EF2DD05-AEF9-3219-BE84-5FE5D8D0A47E} = {9EF2DD05-AEF9-3219-BE84-5FE5D8D0A47E}
	EndProjectSection
EndProject
Project("{8BC9CEB8-8B4A-11D0-8D11-00A0C91BC942}") = "ZERO_CHECK", "ZERO_CHECK.vcxproj", "{1B9A5262-853E-32A1-987A-74552333D6DC}"
	ProjectSection(ProjectDependencies) = postProject
	EndProjectSection
EndProject
Project("{8BC9CEB8-8B4A-11D0-8D11-00A0C91BC942}") = "cefclient", "cefclient\cefclient.vcxproj", "{638F6E13-F8AE-3DE1-837D-E98E476A4860}"
	ProjectSection(ProjectDependencies) = postProject
		{1B9A5262-853E-32A1-987A-74552333D6DC} = {1B9A5262-853E-32A1-987A-74552333D6DC}
		{9EF2DD05-AEF9-3219-BE84-5FE5D8D0A47E} = {9EF2DD05-AEF9-3219-BE84-5FE5D8D0A47E}
	EndProjectSection
EndProject
Project("{8BC9CEB8-8B4A-11D0-8D11-00A0C91BC942}") = "cefsimple", "cefsimple\cefsimple.vcxproj", "{698D589C-323B-3862-AE3D-6723A16915C5}"
	ProjectSection(ProjectDependencies) = postProject
		{1B9A5262-853E-32A1-987A-74552333D6DC} = {1B9A5262-853E-32A1-987A-74552333D6DC}
		{9EF2DD05-AEF9-3219-BE84-5FE5D8D0A47E} = {9EF2DD05-AEF9-3219-BE84-5FE5D8D0A47E}
	EndProjectSection
EndProject
Project("{8BC9CEB8-8B4A-11D0-8D11-00A0C91BC942}") = "libcef_dll_wrapper", "libcef_dll_wrapper\libcef_dll_wrapper.vcxproj", "{9EF2DD05-AEF9-3219-BE84-5FE5D8D0A47E}"
	ProjectSection(ProjectDependencies) = postProject
		{1B9A5262-853E-32A1-987A-74552333D6DC} = {1B9A5262-853E-32A1-987A-74552333D6DC}
	EndProjectSection
EndProject
Global
	GlobalSection(SolutionConfigurationPlatforms) = preSolution
		Debug|Win32 = Debug|Win32
		Release|Win32 = Release|Win32
	EndGlobalSection
	GlobalSection(ProjectConfigurationPlatforms) = postSolution
		{6533B6BE-E1F9-352A-8291-E934DFB2A737}.Debug|Win32.ActiveCfg = Debug|Win32
		{6533B6BE-E1F9-352A-8291-E934DFB2A737}.Release|Win32.ActiveCfg = Release|Win32
		{1B9A5262-853E-32A1-987A-74552333D6DC}.Debug|Win32.ActiveCfg = Debug|Win32
		{1B9A5262-853E-32A1-987A-74552333D6DC}.Debug|Win32.Build.0 = Debug|Win32
		{1B9A5262-853E-32A1-987A-74552333D6DC}.Release|Win32.ActiveCfg = Release|Win32
		{1B9A5262-853E-32A1-987A-74552333D6DC}.Release|Win32.Build.0 = Release|Win32
		{638F6E13-F8AE-3DE1-837D-E98E476A4860}.Debug|Win32.ActiveCfg = Debug|Win32
		{638F6E13-F8AE-3DE1-837D-E98E476A4860}.Debug|Win32.Build.0 = Debug|Win32
		{638F6E13-F8AE-3DE1-837D-E98E476A4860}.Release|Win32.ActiveCfg = Release|Win32
		{638F6E13-F8AE-3DE1-837D-E98E476A4860}.Release|Win32.Build.0 = Release|Win32
		{698D589C-323B-3862-AE3D-6723A16915C5}.Debug|Win32.ActiveCfg = Debug|Win32
		{698D589C-323B-3862-AE3D-6723A16915C5}.Debug|Win32.Build.0 = Debug|Win32
		{698D589C-323B-3862-AE3D-6723A16915C5}.Release|Win32.ActiveCfg = Release|Win32
		{698D589C-323B-3862-AE3D-6723A16915C5}.Release|Win32.Build.0 = Release|Win32
		{9EF2DD05-AEF9-3219-BE84-5FE5D8D0A47E}.Debug|Win32.ActiveCfg = Debug|Win32
		{9EF2DD05-AEF9-3219-BE84-5FE5D8D0A47E}.Debug|Win32.Build.0 = Debug|Win32
		{9EF2DD05-AEF9-3219-BE84-5FE5D8D0A47E}.Release|Win32.ActiveCfg = Release|Win32
		{9EF2DD05-AEF9-3219-BE84-5FE5D8D0A47E}.Release|Win32.Build.0 = Release|Win32
	EndGlobalSection
	GlobalSection(ExtensibilityGlobals) = postSolution
	EndGlobalSection
	GlobalSection(ExtensibilityAddIns) = postSolution
	EndGlobalSection
EndGlobal
